<?xml version="1.0" encoding="utf-8"?>
<Project ToolsVersion="4.0" xmlns="http://schemas.microsoft.com/developer/msbuild/2003">
  <ItemGroup>
    <Filter Include="Source Files">
      <UniqueIdentifier>{4FC737F1-C7A5-4376-A066-2A32D752A2FF}</UniqueIdentifier>
      <Extensions>cpp;c;cc;cxx;def;odl;idl;hpj;bat;asm;asmx</Extensions>
    </Filter>
    <Filter Include="Header Files">
      <UniqueIdentifier>{93995380-89BD-4b04-88EB-625FBE52EBFB}</UniqueIdentifier>
      <Extensions>h;hh;hpp;hxx;hm;inl;inc;xsd</Extensions>
    </Filter>
    <Filter Include="Resource Files">
      <UniqueIdentifier>{67DA6AB6-F800-4c08-8B7A-83BB121AAD01}</UniqueIdentifier>
      <Extensions>rc;ico;cur;bmp;dlg;rc2;rct;bin;rgs;gif;jpg;jpeg;jpe;resx;tiff;tif;png;wav</Extensions>
    </Filter>
  </ItemGroup>
  <ItemGroup>
    <ClCompile Include="antidebug\adbg.c">
      <Filter>Source Files</Filter>
    </ClCompile>
    <ClCompile Include="antidebug\api\dbgpresent.c">
      <Filter>Source Files</Filter>
    </ClCompile>
    <ClCompile Include="antidebug\api\rdbgpresent.c">
      <Filter>Source Files</Filter>
    </ClCompile>
    <ClCompile Include="antidebug\asm\dbgbreak.c">
      <Filter>Source Files</Filter>
    </ClCompile>
    <ClCompile Include="antidebug\asm\int2d.c">
      <Filter>Source Files</Filter>
    </ClCompile>
    <ClCompile Include="antidebug\asm\int3.c">
      <Filter>Source Files</Filter>
    </ClCompile>
    <ClCompile Include="antidebug\asm\popf.c">
      <Filter>Source Files</Filter>
    </ClCompile>
    <ClCompile Include="antidebug\asm\sckreg.c">
      <Filter>Source Files</Filter>
    </ClCompile>
    <ClCompile Include="antidebug\exceptions\raiseexc.c">
      <Filter>Source Files</Filter>
    </ClCompile>
    <ClCompile Include="antidebug\exceptions\kernel\ntsetdbgfilterst.c">
      <Filter>Source Files</Filter>
    </ClCompile>
    <ClCompile Include="antidebug\flags\dbgobjhandle.c">
      <Filter>Source Files</Filter>
    </ClCompile>
    <ClCompile Include="antidebug\flags\kerneldbg.c">
      <Filter>Source Files</Filter>
    </ClCompile>
    <ClCompile Include="antidebug\flags\procdbgflag.c">
      <Filter>Source Files</Filter>
    </ClCompile>
    <ClCompile Include="antidebug\flags\procdbgport.c">
      <Filter>Source Files</Filter>
    </ClCompile>
    <ClCompile Include="antidebug\hook\ishooked.c">
      <Filter>Source Files</Filter>
    </ClCompile>
    <ClCompile Include="antidebug\memory\hwbreakp.c">
      <Filter>Source Files</Filter>
    </ClCompile>
    <ClCompile Include="antidebug\memory\membreakp.c">
      <Filter>Source Files</Filter>
    </ClCompile>
    <ClCompile Include="antidebug\memory\peb.c">
      <Filter>Source Files</Filter>
    </ClCompile>
    <ClCompile Include="antidebug\memory\readstck.c">
      <Filter>Source Files</Filter>
    </ClCompile>
    <ClCompile Include="antidebug\memory\archived\ntqvirtualmem.c">
      <Filter>Source Files</Filter>
    </ClCompile>
    <ClCompile Include="antidebug\object\clshandle.c">
      <Filter>Source Files</Filter>
    </ClCompile>
    <ClCompile Include="antidebug\object\crtfile.c">
      <Filter>Source Files</Filter>
    </ClCompile>
    <ClCompile Include="antidebug\object\dbgobj.c">
      <Filter>Source Files</Filter>
    </ClCompile>
    <ClCompile Include="antidebug\object\loadlib.c">
      <Filter>Source Files</Filter>
    </ClCompile>
    <ClCompile Include="antidebug\object\opnproc.c">
      <Filter>Source Files</Filter>
    </ClCompile>
    <ClCompile Include="antidebug\api\outdbgstring.c">
      <Filter>Source Files</Filter>
    </ClCompile>
    <ClCompile Include="antidebug\exceptions\hwbreakp2.c">
      <Filter>Source Files</Filter>
    </ClCompile>
    <ClCompile Include="antidebug\exceptions\unhexcp.c">
      <Filter>Source Files</Filter>
    </ClCompile>
    <ClCompile Include="antidebug\flags\prochpforceflag.c">
      <Filter>Source Files</Filter>
    </ClCompile>
    <ClCompile Include="antidebug\flags\prochpflag.c">
      <Filter>Source Files</Filter>
    </ClCompile>
    <ClCompile Include="antidebug\memory\lowfraghp.c">
      <Filter>Source Files</Filter>
    </ClCompile>
    <ClCompile Include="antidebug\object\clsinvhandle.c">
      <Filter>Source Files</Filter>
    </ClCompile>
    <ClCompile Include="antidebug\object\sysdbgctl.c">
      <Filter>Source Files</Filter>
    </ClCompile>
    <ClCompile Include="antidebug\object\prothnd.c">
      <Filter>Source Files</Filter>
    </ClCompile>
    <ClCompile Include="antidebug\memory\vrtalloc.c">
      <Filter>Source Files</Filter>
    </ClCompile>
    <ClCompile Include="antidebug\exceptions\pgexcbp.c">
      <Filter>Source Files</Filter>
    </ClCompile>
    <ClCompile Include="antidebug\hook\api.c">
      <Filter>Source Files</Filter>
    </ClCompile>
    <ClCompile Include="antidebug\flags\ntglobalflag.c">
      <Filter>Source Files</Filter>
    </ClCompile>
  </ItemGroup>
  <ItemGroup>
    <None Include="antidebug\api\dbgpresent.asm">
      <Filter>Source Files</Filter>
    </None>
    <None Include="antidebug\api\rdbgpresent.asm">
      <Filter>Source Files</Filter>
    </None>
    <None Include="antidebug\exceptions\x86\unhndlexcpfilter.asm">
      <Filter>Source Files</Filter>
    </None>
    <None Include="antidebug\flags\dbgobjhandle.asm">
      <Filter>Source Files</Filter>
    </None>
    <None Include="antidebug\flags\procdbgflag.asm">
      <Filter>Source Files</Filter>
    </None>
    <None Include="antidebug\flags\procdbgport.asm">
      <Filter>Source Files</Filter>
    </None>
  </ItemGroup>
  <ItemGroup>
    <ClInclude Include="antidebug\adbg.h">
      <Filter>Header Files</Filter>
    </ClInclude>
    <ClInclude Include="antidebug\api\dbgpresent.h">
      <Filter>Header Files</Filter>
    </ClInclude>
    <ClInclude Include="antidebug\api\rdbgpresent.h">
      <Filter>Header Files</Filter>
    </ClInclude>
    <ClInclude Include="antidebug\asm\dbgbreak.h">
      <Filter>Header Files</Filter>
    </ClInclude>
    <ClInclude Include="antidebug\asm\int2d.h">
      <Filter>Header Files</Filter>
    </ClInclude>
    <ClInclude Include="antidebug\asm\int3.h">
      <Filter>Header Files</Filter>
    </ClInclude>
    <ClInclude Include="antidebug\asm\popf.h">
      <Filter>Header Files</Filter>
    </ClInclude>
    <ClInclude Include="antidebug\asm\sckreg.h">
      <Filter>Header Files</Filter>
    </ClInclude>
    <ClInclude Include="antidebug\exceptions\raiseexc.h">
      <Filter>Header Files</Filter>
    </ClInclude>
    <ClInclude Include="antidebug\flags\dbgobjhandle.h">
      <Filter>Header Files</Filter>
    </ClInclude>
    <ClInclude Include="antidebug\flags\kerneldbg.h">
      <Filter>Header Files</Filter>
    </ClInclude>
    <ClInclude Include="antidebug\flags\procdbgflag.h">
      <Filter>Header Files</Filter>
    </ClInclude>
    <ClInclude Include="antidebug\flags\procdbgport.h">
      <Filter>Header Files</Filter>
    </ClInclude>
    <ClInclude Include="antidebug\hook\ishooked.h">
      <Filter>Header Files</Filter>
    </ClInclude>
    <ClInclude Include="antidebug\memory\hwbreakp.h">
      <Filter>Header Files</Filter>
    </ClInclude>
    <ClInclude Include="antidebug\memory\membreakp.h">
      <Filter>Header Files</Filter>
    </ClInclude>
    <ClInclude Include="antidebug\memory\peb.h">
      <Filter>Header Files</Filter>
    </ClInclude>
    <ClInclude Include="antidebug\memory\readstck.h">
      <Filter>Header Files</Filter>
    </ClInclude>
    <ClInclude Include="antidebug\object\clshandle.h">
      <Filter>Header Files</Filter>
    </ClInclude>
    <ClInclude Include="antidebug\object\crtfile.h">
      <Filter>Header Files</Filter>
    </ClInclude>
    <ClInclude Include="antidebug\object\dbgobj.h">
      <Filter>Header Files</Filter>
    </ClInclude>
    <ClInclude Include="antidebug\object\loadlib.h">
      <Filter>Header Files</Filter>
    </ClInclude>
    <ClInclude Include="antidebug\object\opnproc.h">
      <Filter>Header Files</Filter>
    </ClInclude>
    <ClInclude Include="antidebug\exceptions\hwbreakp2.h">
      <Filter>Header Files</Filter>
    </ClInclude>
    <ClInclude Include="antidebug\exceptions\unhexcp.h">
      <Filter>Header Files</Filter>
    </ClInclude>
    <ClInclude Include="antidebug\flags\prochpforceflag.h">
      <Filter>Header Files</Filter>
    </ClInclude>
    <ClInclude Include="antidebug\flags\prochpflag.h">
      <Filter>Header Files</Filter>
    </ClInclude>
    <ClInclude Include="antidebug\memory\lowfraghp.h">
      <Filter>Header Files</Filter>
    </ClInclude>
    <ClInclude Include="antidebug\object\clsinvhandle.h">
      <Filter>Header Files</Filter>
    </ClInclude>
    <ClInclude Include="antidebug\object\sysdbgctl.h">
      <Filter>Header Files</Filter>
    </ClInclude>
    <ClInclude Include="antidebug\object\prothnd.h">
      <Filter>Header Files</Filter>
    </ClInclude>
    <ClInclude Include="antidebug\exceptions\pgexcbp.h">
      <Filter>Header Files</Filter>
    </ClInclude>
    <ClInclude Include="antidebug\hook\api.h">
      <Filter>Header Files</Filter>
    </ClInclude>
    <ClInclude Include="antidebug\flags\winver.h">
      <Filter>Header Files</Filter>
    </ClInclude>
    <ClInclude Include="antidebug\flags\ntglobalflag.h">
      <Filter>Source Files</Filter>
    </ClInclude>
  </ItemGroup>
</Project>
